
Microsoft Visual Studio Solution File, Format Version 12.00
# Visual Studio 15
VisualStudioVersion = 15.0.36617.4
MinimumVisualStudioVersion = 10.0.40219.1
Project("{FAE04EC0-301F-11D3-BF4B-00C04F79EFBC}") = "FeatureFlagEngine", "FeatureFlagEngine\FeatureFlagEngine.csproj", "{74D47F40-17D4-417E-B288-068344443866}"
EndProject
Project("{FAE04EC0-301F-11D3-BF4B-00C04F79EFBC}") = "FeatureFlagEngine.Tests", "FeatureFlagEngine.Tests\FeatureFlagEngine.Tests.csproj", "{68CD3AEE-2F67-4DAB-801D-BB634232F82A}"
EndProject
Global
	GlobalSection(SolutionConfigurationPlatforms) = preSolution
		Debug|Any CPU = Debug|Any CPU
		Release|Any CPU = Release|Any CPU
	EndGlobalSection
	GlobalSection(ProjectConfigurationPlatforms) = postSolution
		{74D47F40-17D4-417E-B288-068344443866}.Debug|Any CPU.ActiveCfg = Debug|Any CPU
		{74D47F40-17D4-417E-B288-068344443866}.Debug|Any CPU.Build.0 = Debug|Any CPU
		{74D47F40-17D4-417E-B288-068344443866}.Release|Any CPU.ActiveCfg = Release|Any CPU
		{74D47F40-17D4-417E-B288-068344443866}.Release|Any CPU.Build.0 = Release|Any CPU
		{68CD3AEE-2F67-4DAB-801D-BB634232F82A}.Debug|Any CPU.ActiveCfg = Debug|Any CPU
		{68CD3AEE-2F67-4DAB-801D-BB634232F82A}.Debug|Any CPU.Build.0 = Debug|Any CPU
		{68CD3AEE-2F67-4DAB-801D-BB634232F82A}.Release|Any CPU.ActiveCfg = Release|Any CPU
		{68CD3AEE-2F67-4DAB-801D-BB634232F82A}.Release|Any CPU.Build.0 = Release|Any CPU
	EndGlobalSection
	GlobalSection(SolutionProperties) = preSolution
		HideSolutionNode = FALSE
	EndGlobalSection
	GlobalSection(ExtensibilityGlobals) = postSolution
		SolutionGuid = {474D2A63-8945-4222-BD56-59CAC9DB0619}
	EndGlobalSection
EndGlobal
